Microsoft Visual Studio Solution File, Format Version 12.00
# Visual Studio Version 17
VisualStudioVersion = 17.5.2.0
MinimumVisualStudioVersion = 10.0.40219.1
Project("{FAE04EC0-301F-11D3-BF4B-00C04F79EFBC}") = "repetition-csharp", "repetition-csharp.csproj", "{D106295E-B9CC-5364-F2F9-471A09A32FC5}"
EndProject
Global
	GlobalSection(SolutionConfigurationPlatforms) = preSolution
		Debug|Any CPU = Debug|Any CPU
		Release|Any CPU = Release|Any CPU
	EndGlobalSection
	GlobalSection(ProjectConfigurationPlatforms) = postSolution
		{D106295E-B9CC-5364-F2F9-471A09A32FC5}.Debug|Any CPU.ActiveCfg = Debug|Any CPU
		{D106295E-B9CC-5364-F2F9-471A09A32FC5}.Debug|Any CPU.Build.0 = Debug|Any CPU
		{D106295E-B9CC-5364-F2F9-471A09A32FC5}.Release|Any CPU.ActiveCfg = Release|Any CPU
		{D106295E-B9CC-5364-F2F9-471A09A32FC5}.Release|Any CPU.Build.0 = Release|Any CPU
	EndGlobalSection
	GlobalSection(SolutionProperties) = preSolution
		HideSolutionNode = FALSE
	EndGlobalSection
	GlobalSection(ExtensibilityGlobals) = postSolution
		SolutionGuid = {BA29F5D0-C597-405D-B3EB-BC5C1DC0C084}
	EndGlobalSection
EndGlobal
